
Microsoft Visual Studio Solution File, Format Version 12.00
# Visual Studio Version 17
VisualStudioVersion = 17.7.34221.43
MinimumVisualStudioVersion = 10.0.40219.1
Project("{FAE04EC0-301F-11D3-BF4B-00C04F79EFBC}") = "ConsoleApp1", "ConsoleApp1\ConsoleApp1.csproj", "{A060F39C-5E78-41EC-AA30-D97DAB31C27C}"
EndProject
Global
	GlobalSection(SolutionConfigurationPlatforms) = preSolution
		Debug|Any CPU = Debug|Any CPU
		Release|Any CPU = Release|Any CPU
	EndGlobalSection
	GlobalSection(ProjectConfigurationPlatforms) = postSolution
		{A060F39C-5E78-41EC-AA30-D97DAB31C27C}.Debug|Any CPU.ActiveCfg = Debug|Any CPU
		{A060F39C-5E78-41EC-AA30-D97DAB31C27C}.Debug|Any CPU.Build.0 = Debug|Any CPU
		{A060F39C-5E78-41EC-AA30-D97DAB31C27C}.Release|Any CPU.ActiveCfg = Release|Any CPU
		{A060F39C-5E78-41EC-AA30-D97DAB31C27C}.Release|Any CPU.Build.0 = Release|Any CPU
	EndGlobalSection
	GlobalSection(SolutionProperties) = preSolution
		HideSolutionNode = FALSE
	EndGlobalSection
	GlobalSection(ExtensibilityGlobals) = postSolution
		SolutionGuid = {8949A860-D598-4403-AC2A-64F9CE286E89}
	EndGlobalSection
EndGlobal
